<?xml version="1.0" encoding="utf-8"?>
<Project ToolsVersion="4.0" xmlns="http://schemas.microsoft.com/developer/msbuild/2003">
  <ItemGroup>
    <Filter Include="xnet_app">
      <UniqueIdentifier>{93995380-89BD-4b04-88EB-625FBE52EBFB}</UniqueIdentifier>
      <Extensions>h;hh;hpp;hxx;h++;hm;inl;inc;ipp;xsd</Extensions>
    </Filter>
    <Filter Include="xnet_tiny">
      <UniqueIdentifier>{4FC737F1-C7A5-4376-A066-2A32D752A2FF}</UniqueIdentifier>
      <Extensions>cpp;c;cc;cxx;c++;cppm;ixx;def;odl;idl;hpj;bat;asm;asmx</Extensions>
    </Filter>
    <Filter Include="库文件">
      <UniqueIdentifier>{67DA6AB6-F800-4c08-8B7A-83BB121AAD01}</UniqueIdentifier>
      <Extensions>rc;ico;cur;bmp;dlg;rc2;rct;bin;rgs;gif;jpg;jpeg;jpe;resx;tiff;tif;png;wav;mfcribbon-ms</Extensions>
    </Filter>
    <Filter Include="源文件">
      <UniqueIdentifier>{4017ada4-18ae-4bdc-b5bb-13c0f6c34240}</UniqueIdentifier>
    </Filter>
  </ItemGroup>
  <ItemGroup>
    <ClCompile Include="xnet_tiny.c">
      <Filter>xnet_tiny</Filter>
    </ClCompile>
    <ClCompile Include="App.c">
      <Filter>源文件</Filter>
    </ClCompile>
    <ClCompile Include="pcap_device.h">
      <Filter>库文件</Filter>
    </ClCompile>
    <ClCompile Include="pcap_device.c">
      <Filter>库文件</Filter>
    </ClCompile>
    <ClCompile Include="xnet_tiny.h">
      <Filter>xnet_tiny</Filter>
    </ClCompile>
    <ClCompile Include="port_pcap.c">
      <Filter>xnet_tiny</Filter>
    </ClCompile>
  </ItemGroup>
</Project>